
Microsoft Visual Studio Solution File, Format Version 12.00
# Visual Studio Version 16
VisualStudioVersion = 16.0.29911.84
MinimumVisualStudioVersion = 10.0.40219.1
Project("{FAE04EC0-301F-11D3-BF4B-00C04F79EFBC}") = "Calculator", "Calculator\Calculator.csproj", "{576130C4-A84D-4645-A826-7CE428CC85FE}"
EndProject
Global
	GlobalSection(SolutionConfigurationPlatforms) = preSolution
		Debug|Any CPU = Debug|Any CPU
		Release|Any CPU = Release|Any CPU
	EndGlobalSection
	GlobalSection(ProjectConfigurationPlatforms) = postSolution
		{576130C4-A84D-4645-A826-7CE428CC85FE}.Debug|Any CPU.ActiveCfg = Debug|Any CPU
		{576130C4-A84D-4645-A826-7CE428CC85FE}.Debug|Any CPU.Build.0 = Debug|Any CPU
		{576130C4-A84D-4645-A826-7CE428CC85FE}.Release|Any CPU.ActiveCfg = Release|Any CPU
		{576130C4-A84D-4645-A826-7CE428CC85FE}.Release|Any CPU.Build.0 = Release|Any CPU
	EndGlobalSection
	GlobalSection(SolutionProperties) = preSolution
		HideSolutionNode = FALSE
	EndGlobalSection
	GlobalSection(ExtensibilityGlobals) = postSolution
		SolutionGuid = {23FA3781-9CCE-4EF7-8B16-53847EAD3ABD}
	EndGlobalSection
EndGlobal
